github.com/appleboy/com v1.2.0 h1:3jyA+yVofe/uzPHHa7Xrsj7rnDy1sZn/8pYHdzHB3GQ=
github.com/appleboy/com v1.2.0/go.mod h1:XK2kV+JWz/gkzsDPotNJL+aS6XCy5GNlbiTWGvIhqIU=
github.com/sashabaranov/go-openai v1.41.2 h1:vfPRBZNMpnqu8ELsclWcAvF19lDNgh1t6TVfFFOPiSM=
github.com/sashabaranov/go-openai v1.41.2/go.mod h1:lj5b/K+zjTSFxVLijLSTDZuP7adOgerWeFyZLUhAKRg=
github.com/yassinebenaid/godump v0.11.1 h1:SPujx/XaYqGDfmNh7JI3dOyCUVrG0bG2duhO3Eh2EhI=
github.com/yassinebenaid/godump v0.11.1/go.mod h1:dc/0w8wmg6kVIvNGAzbKH1Oa54dXQx8SNKh4dPRyW44=
